// !$*UTF8*$!
{
	archiveVersion = 1;
	classes = {
	};
	objectVersion = 55;
	objects = {

/* Begin PBXBuildFile section */
		397C71762885833900E9442D /* OpenViewController.swift in Sources */ = {isa = PBXBuildFile; fileRef = 397C71752885833900E9442D /* OpenViewController.swift */; };
		39A457E42885B1210024CBE3 /* MenuView Controller.swift in Sources */ = {isa = PBXBuildFile; fileRef = 39A457E32885B1210024CBE3 /* MenuView Controller.swift */; };
		39A457E62885B1860024CBE3 /* BasketViewController.swift in Sources */ = {isa = PBXBuildFile; fileRef = 39A457E52885B1860024CBE3 /* BasketViewController.swift */; };
		39E5DABD288432E000C56B9D /* AppDelegate.swift in Sources */ = {isa = PBXBuildFile; fileRef = 39E5DABC288432E000C56B9D /* AppDelegate.swift */; };
		39E5DABF288432E000C56B9D /* SceneDelegate.swift in Sources */ = {isa = PBXBuildFile; fileRef = 39E5DABE288432E000C56B9D /* SceneDelegate.swift */; };
		39E5DAC1288432E000C56B9D /* ViewController.swift in Sources */ = {isa = PBXBuildFile; fileRef = 39E5DAC0288432E000C56B9D /* ViewController.swift */; };
		39E5DAC4288432E000C56B9D /* Main.storyboard in Resources */ = {isa = PBXBuildFile; fileRef = 39E5DAC2288432E000C56B9D /* Main.storyboard */; };
		39E5DAC6288432E200C56B9D /* Assets.xcassets in Resources */ = {isa = PBXBuildFile; fileRef = 39E5DAC5288432E200C56B9D /* Assets.xcassets */; };
		39E5DAC9288432E200C56B9D /* LaunchScreen.storyboard in Resources */ = {isa = PBXBuildFile; fileRef = 39E5DAC7288432E200C56B9D /* LaunchScreen.storyboard */; };
		39E5DAD4288432E200C56B9D /* rc_week2_burgerkingTests.swift in Sources */ = {isa = PBXBuildFile; fileRef = 39E5DAD3288432E200C56B9D /* rc_week2_burgerkingTests.swift */; };
		39E5DADE288432E200C56B9D /* rc_week2_burgerkingUITests.swift in Sources */ = {isa = PBXBuildFile; fileRef = 39E5DADD288432E200C56B9D /* rc_week2_burgerkingUITests.swift */; };
		39E5DAE0288432E200C56B9D /* rc_week2_burgerkingUITestsLaunchTests.swift in Sources */ = {isa = PBXBuildFile; fileRef = 39E5DADF288432E200C56B9D /* rc_week2_burgerkingUITestsLaunchTests.swift */; };
/* End PBXBuildFile section */

/* Begin PBXContainerItemProxy section */
		39E5DAD0288432E200C56B9D /* PBXContainerItemProxy */ = {
			isa = PBXContainerItemProxy;
			containerPortal = 39E5DAB1288432E000C56B9D /* Project object */;
			proxyType = 1;
			remoteGlobalIDString = 39E5DAB8288432E000C56B9D;
			remoteInfo = rc_week2_burgerking;
		};
		39E5DADA288432E200C56B9D /* PBXContainerItemProxy */ = {
			isa = PBXContainerItemProxy;
			containerPortal = 39E5DAB1288432E000C56B9D /* Project object */;
			proxyType = 1;
			remoteGlobalIDString = 39E5DAB8288432E000C56B9D;
			remoteInfo = rc_week2_burgerking;
		};
/* End PBXContainerItemProxy section */

/* Begin PBXFileReference section */
		397C71752885833900E9442D /* OpenViewController.swift */ = {isa = PBXFileReference; lastKnownFileType = sourcecode.swift; path = OpenViewController.swift; sourceTree = "<group>"; };
		39A457E32885B1210024CBE3 /* MenuView Controller.swift */ = {isa = PBXFileReference; lastKnownFileType = sourcecode.swift; path = "MenuView Controller.swift"; sourceTree = "<group>"; };
		39A457E52885B1860024CBE3 /* BasketViewController.swift */ = {isa = PBXFileReference; lastKnownFileType = sourcecode.swift; path = BasketViewController.swift; sourceTree = "<group>"; };
		39E5DAB9288432E000C56B9D /* rc_week2_burgerking.app */ = {isa = PBXFileReference; explicitFileType = wrapper.application; includeInIndex = 0; path = rc_week2_burgerking.app; sourceTree = BUILT_PRODUCTS_DIR; };
		39E5DABC288432E000C56B9D /* AppDelegate.swift */ = {isa = PBXFileReference; lastKnownFileType = sourcecode.swift; path = AppDelegate.swift; sourceTree = "<group>"; };
		39E5DABE288432E000C56B9D /* SceneDelegate.swift */ = {isa = PBXFileReference; lastKnownFileType = sourcecode.swift; path = SceneDelegate.swift; sourceTree = "<group>"; };
		39E5DAC0288432E000C56B9D /* ViewController.swift */ = {isa = PBXFileReference; lastKnownFileType = sourcecode.swift; path = ViewController.swift; sourceTree = "<group>"; };
		39E5DAC3288432E000C56B9D /* Base */ = {isa = PBXFileReference; lastKnownFileType = file.storyboard; name = Base; path = Base.lproj/Main.storyboard; sourceTree = "<group>"; };
		39E5DAC5288432E200C56B9D /* Assets.xcassets */ = {isa = PBXFileReference; lastKnownFileType = folder.assetcatalog; path = Assets.xcassets; sourceTree = "<group>"; };
		39E5DAC8288432E200C56B9D /* Base */ = {isa = PBXFileReference; lastKnownFileType = file.storyboard; name = Base; path = Base.lproj/LaunchScreen.storyboard; sourceTree = "<group>"; };
		39E5DACA288432E200C56B9D /* Info.plist */ = {isa = PBXFileReference; lastKnownFileType = text.plist.xml; path = Info.plist; sourceTree = "<group>"; };
		39E5DACF288432E200C56B9D /* rc_week2_burgerkingTests.xctest */ = {isa = PBXFileReference; explicitFileType = wrapper.cfbundle; includeInIndex = 0; path = rc_week2_burgerkingTests.xctest; sourceTree = BUILT_PRODUCTS_DIR; };
		39E5DAD3288432E200C56B9D /* rc_week2_burgerkingTests.swift */ = {isa = PBXFileReference; lastKnownFileType = sourcecode.swift; path = rc_week2_burgerkingTests.swift; sourceTree = "<group>"; };
		39E5DAD9288432E200C56B9D /* rc_week2_burgerkingUITests.xctest */ = {isa = PBXFileReference; explicitFileType = wrapper.cfbundle; includeInIndex = 0; path = rc_week2_burgerkingUITests.xctest; sourceTree = BUILT_PRODUCTS_DIR; };
		39E5DADD288432E200C56B9D /* rc_week2_burgerkingUITests.swift */ = {isa = PBXFileReference; lastKnownFileType = sourcecode.swift; path = rc_week2_burgerkingUITests.swift; sourceTree = "<group>"; };
		39E5DADF288432E200C56B9D /* rc_week2_burgerkingUITestsLaunchTests.swift */ = {isa = PBXFileReference; lastKnownFileType = sourcecode.swift; path = rc_week2_burgerkingUITestsLaunchTests.swift; sourceTree = "<group>"; };
/* End PBXFileReference section */

/* Begin PBXFrameworksBuildPhase section */
		39E5DAB6288432E000C56B9D /* Frameworks */ = {
			isa = PBXFrameworksBuildPhase;
			buildActionMask = 2147483647;
			files = (
			);
			runOnlyForDeploymentPostprocessing = 0;
		};
		39E5DACC288432E200C56B9D /* Frameworks */ = {
			isa = PBXFrameworksBuildPhase;
			buildActionMask = 2147483647;
			files = (
			);
			runOnlyForDeploymentPostprocessing = 0;
		};
		39E5DAD6288432E200C56B9D /* Frameworks */ = {
			isa = PBXFrameworksBuildPhase;
			buildActionMask = 2147483647;
			files = (
			);
			runOnlyForDeploymentPostprocessing = 0;
		};
/* End PBXFrameworksBuildPhase section */

/* Begin PBXGroup section */
		39E5DAB0288432E000C56B9D = {
			isa = PBXGroup;
			children = (
				39E5DABB288432E000C56B9D /* rc_week2_burgerking */,
				39E5DAD2288432E200C56B9D /* rc_week2_burgerkingTests */,
				39E5DADC288432E200C56B9D /* rc_week2_burgerkingUITests */,
				39E5DABA288432E000C56B9D /* Products */,
			);
			sourceTree = "<group>";
		};
		39E5DABA288432E000C56B9D /* Products */ = {
			isa = PBXGroup;
			children = (
				39E5DAB9288432E000C56B9D /* rc_week2_burgerking.app */,
				39E5DACF288432E200C56B9D /* rc_week2_burgerkingTests.xctest */,
				39E5DAD9288432E200C56B9D /* rc_week2_burgerkingUITests.xctest */,
			);
			name = Products;
			sourceTree = "<group>";
		};
		39E5DABB288432E000C56B9D /* rc_week2_burgerking */ = {
			isa = PBXGroup;
			children = (
				39E5DABC288432E000C56B9D /* AppDelegate.swift */,
				39E5DABE288432E000C56B9D /* SceneDelegate.swift */,
				39E5DAC0288432E000C56B9D /* ViewController.swift */,
				397C71752885833900E9442D /* OpenViewController.swift */,
				39A457E32885B1210024CBE3 /* MenuView Controller.swift */,
				39A457E52885B1860024CBE3 /* BasketViewController.swift */,
				39E5DAC2288432E000C56B9D /* Main.storyboard */,
				39E5DAC5288432E200C56B9D /* Assets.xcassets */,
				39E5DAC7288432E200C56B9D /* LaunchScreen.storyboard */,
				39E5DACA288432E200C56B9D /* Info.plist */,
			);
			path = rc_week2_burgerking;
			sourceTree = "<group>";
		};
		39E5DAD2288432E200C56B9D /* rc_week2_burgerkingTests */ = {
			isa = PBXGroup;
			children = (
				39E5DAD3288432E200C56B9D /* rc_week2_burgerkingTests.swift */,
			);
			path = rc_week2_burgerkingTests;
			sourceTree = "<group>";
		};
		39E5DADC288432E200C56B9D /* rc_week2_burgerkingUITests */ = {
			isa = PBXGroup;
			children = (
				39E5DADD288432E200C56B9D /* rc_week2_burgerkingUITests.swift */,
				39E5DADF288432E200C56B9D /* rc_week2_burgerkingUITestsLaunchTests.swift */,
			);
			path = rc_week2_burgerkingUITests;
			sourceTree = "<group>";
		};
/* End PBXGroup section */

/* Begin PBXNativeTarget section */
		39E5DAB8288432E000C56B9D /* rc_week2_burgerking */ = {
			isa = PBXNativeTarget;
			buildConfigurationList = 39E5DAE3288432E200C56B9D /* Build configuration list for PBXNativeTarget "rc_week2_burgerking" */;
			buildPhases = (
				39E5DAB5288432E000C56B9D /* Sources */,
				39E5DAB6288432E000C56B9D /* Frameworks */,
				39E5DAB7288432E000C56B9D /* Resources */,
			);
			buildRules = (
			);
			dependencies = (
			);
			name = rc_week2_burgerking;
			productName = rc_week2_burgerking;
			productReference = 39E5DAB9288432E000C56B9D /* rc_week2_burgerking.app */;
			productType = "com.apple.product-type.application";
		};
		39E5DACE288432E200C56B9D /* rc_week2_burgerkingTests */ = {
			isa = PBXNativeTarget;
			buildConfigurationList = 39E5DAE6288432E200C56B9D /* Build configuration list for PBXNativeTarget "rc_week2_burgerkingTests" */;
			buildPhases = (
				39E5DACB288432E200C56B9D /* Sources */,
				39E5DACC288432E200C56B9D /* Frameworks */,
				39E5DACD288432E200C56B9D /* Resources */,
			);
			buildRules = (
			);
			dependencies = (
				39E5DAD1288432E200C56B9D /* PBXTargetDependency */,
			);
			name = rc_week2_burgerkingTests;
			productName = rc_week2_burgerkingTests;
			productReference = 39E5DACF288432E200C56B9D /* rc_week2_burgerkingTests.xctest */;
			productType = "com.apple.product-type.bundle.unit-test";
		};
		39E5DAD8288432E200C56B9D /* rc_week2_burgerkingUITests */ = {
			isa = PBXNativeTarget;
			buildConfigurationList = 39E5DAE9288432E200C56B9D /* Build configuration list for PBXNativeTarget "rc_week2_burgerkingUITests" */;
			buildPhases = (
				39E5DAD5288432E200C56B9D /* Sources */,
				39E5DAD6288432E200C56B9D /* Frameworks */,
				39E5DAD7288432E200C56B9D /* Resources */,
			);
			buildRules = (
			);
			dependencies = (
				39E5DADB288432E200C56B9D /* PBXTargetDependency */,
			);
			name = rc_week2_burgerkingUITests;
			productName = rc_week2_burgerkingUITests;
			productReference = 39E5DAD9288432E200C56B9D /* rc_week2_burgerkingUITests.xctest */;
			productType = "com.apple.product-type.bundle.ui-testing";
		};
/* End PBXNativeTarget section */

/* Begin PBXProject section */
		39E5DAB1288432E000C56B9D /* Project object */ = {
			isa = PBXProject;
			attributes = {
				BuildIndependentTargetsInParallel = 1;
				LastSwiftUpdateCheck = 1340;
				LastUpgradeCheck = 1340;
				TargetAttributes = {
					39E5DAB8288432E000C56B9D = {
						CreatedOnToolsVersion = 13.4.1;
					};
					39E5DACE288432E200C56B9D = {
						CreatedOnToolsVersion = 13.4.1;
						TestTargetID = 39E5DAB8288432E000C56B9D;
					};
					39E5DAD8288432E200C56B9D = {
						CreatedOnToolsVersion = 13.4.1;
						TestTargetID = 39E5DAB8288432E000C56B9D;
					};
				};
			};
			buildConfigurationList = 39E5DAB4288432E000C56B9D /* Build configuration list for PBXProject "rc_week2_burgerking" */;
			compatibilityVersion = "Xcode 13.0";
			developmentRegion = en;
			hasScannedForEncodings = 0;
			knownRegions = (
				en,
				Base,
			);
			mainGroup = 39E5DAB0288432E000C56B9D;
			productRefGroup = 39E5DABA288432E000C56B9D /* Products */;
			projectDirPath = "";
			projectRoot = "";
			targets = (
				39E5DAB8288432E000C56B9D /* rc_week2_burgerking */,
				39E5DACE288432E200C56B9D /* rc_week2_burgerkingTests */,
				39E5DAD8288432E200C56B9D /* rc_week2_burgerkingUITests */,
			);
		};
/* End PBXProject section */

/* Begin PBXResourcesBuildPhase section */
		39E5DAB7288432E000C56B9D /* Resources */ = {
			isa = PBXResourcesBuildPhase;
			buildActionMask = 2147483647;
			files = (
				39E5DAC9288432E200C56B9D /* LaunchScreen.storyboard in Resources */,
				39E5DAC6288432E200C56B9D /* Assets.xcassets in Resources */,
				39E5DAC4288432E000C56B9D /* Main.storyboard in Resources */,
			);
			runOnlyForDeploymentPostprocessing = 0;
		};
		39E5DACD288432E200C56B9D /* Resources */ = {
			isa = PBXResourcesBuildPhase;
			buildActionMask = 2147483647;
			files = (
			);
			runOnlyForDeploymentPostprocessing = 0;
		};
		39E5DAD7288432E200C56B9D /* Resources */ = {
			isa = PBXResourcesBuildPhase;
			buildActionMask = 2147483647;
			files = (
			);
			runOnlyForDeploymentPostprocessing = 0;
		};
/* End PBXResourcesBuildPhase section */

/* Begin PBXSourcesBuildPhase section */
		39E5DAB5288432E000C56B9D /* Sources */ = {
			isa = PBXSourcesBuildPhase;
			buildActionMask = 2147483647;
			files = (
				39A457E62885B1860024CBE3 /* BasketViewController.swift in Sources */,
				397C71762885833900E9442D /* OpenViewController.swift in Sources */,
				39A457E42885B1210024CBE3 /* MenuView Controller.swift in Sources */,
				39E5DAC1288432E000C56B9D /* ViewController.swift in Sources */,
				39E5DABD288432E000C56B9D /* AppDelegate.swift in Sources */,
				39E5DABF288432E000C56B9D /* SceneDelegate.swift in Sources */,
			);
			runOnlyForDeploymentPostprocessing = 0;
		};
		39E5DACB288432E200C56B9D /* Sources */ = {
			isa = PBXSourcesBuildPhase;
			buildActionMask = 2147483647;
			files = (
				39E5DAD4288432E200C56B9D /* rc_week2_burgerkingTests.swift in Sources */,
			);
			runOnlyForDeploymentPostprocessing = 0;
		};
		39E5DAD5288432E200C56B9D /* Sources */ = {
			isa = PBXSourcesBuildPhase;
			buildActionMask = 2147483647;
			files = (
				39E5DAE0288432E200C56B9D /* rc_week2_burgerkingUITestsLaunchTests.swift in Sources */,
				39E5DADE288432E200C56B9D /* rc_week2_burgerkingUITests.swift in Sources */,
			);
			runOnlyForDeploymentPostprocessing = 0;
		};
/* End PBXSourcesBuildPhase section */

/* Begin PBXTargetDependency section */
		39E5DAD1288432E200C56B9D /* PBXTargetDependency */ = {
			isa = PBXTargetDependency;
			target = 39E5DAB8288432E000C56B9D /* rc_week2_burgerking */;
			targetProxy = 39E5DAD0288432E200C56B9D /* PBXContainerItemProxy */;
		};
		39E5DADB288432E200C56B9D /* PBXTargetDependency */ = {
			isa = PBXTargetDependency;
			target = 39E5DAB8288432E000C56B9D /* rc_week2_burgerking */;
			targetProxy = 39E5DADA288432E200C56B9D /* PBXContainerItemProxy */;
		};
/* End PBXTargetDependency section */

/* Begin PBXVariantGroup section */
		39E5DAC2288432E000C56B9D /* Main.storyboard */ = {
			isa = PBXVariantGroup;
			children = (
				39E5DAC3288432E000C56B9D /* Base */,
			);
			name = Main.storyboard;
			sourceTree = "<group>";
		};
		39E5DAC7288432E200C56B9D /* LaunchScreen.storyboard */ = {
			isa = PBXVariantGroup;
			children = (
				39E5DAC8288432E200C56B9D /* Base */,
			);
			name = LaunchScreen.storyboard;
			sourceTree = "<group>";
		};
/* End PBXVariantGroup section */

/* Begin XCBuildConfiguration section */
		39E5DAE1288432E200C56B9D /* Debug */ = {
			isa = XCBuildConfiguration;
			buildSettings = {
				ALWAYS_SEARCH_USER_PATHS = NO;
				CLANG_ANALYZER_NONNULL = YES;
				CLANG_ANALYZER_NUMBER_OBJECT_CONVERSION = YES_AGGRESSIVE;
				CLANG_CXX_LANGUAGE_STANDARD = "gnu++17";
				CLANG_ENABLE_MODULES = YES;
				CLANG_ENABLE_OBJC_ARC = YES;
				CLANG_ENABLE_OBJC_WEAK = YES;
				CLANG_WARN_BLOCK_CAPTURE_AUTORELEASING = YES;
				CLANG_WARN_BOOL_CONVERSION = YES;
				CLANG_WARN_COMMA = YES;
				CLANG_WARN_CONSTANT_CONVERSION = YES;
				CLANG_WARN_DEPRECATED_OBJC_IMPLEMENTATIONS = YES;
				CLANG_WARN_DIRECT_OBJC_ISA_USAGE = YES_ERROR;
				CLANG_WARN_DOCUMENTATION_COMMENTS = YES;
				CLANG_WARN_EMPTY_BODY = YES;
				CLANG_WARN_ENUM_CONVERSION = YES;
				CLANG_WARN_INFINITE_RECURSION = YES;
				CLANG_WARN_INT_CONVERSION = YES;
				CLANG_WARN_NON_LITERAL_NULL_CONVERSION = YES;
				CLANG_WARN_OBJC_IMPLICIT_RETAIN_SELF = YES;
				CLANG_WARN_OBJC_LITERAL_CONVERSION = YES;
				CLANG_WARN_OBJC_ROOT_CLASS = YES_ERROR;
				CLANG_WARN_QUOTED_INCLUDE_IN_FRAMEWORK_HEADER = YES;
				CLANG_WARN_RANGE_LOOP_ANALYSIS = YES;
				CLANG_WARN_STRICT_PROTOTYPES = YES;
				CLANG_WARN_SUSPICIOUS_MOVE = YES;
				CLANG_WARN_UNGUARDED_AVAILABILITY = YES_AGGRESSIVE;
				CLANG_WARN_UNREACHABLE_CODE = YES;
				CLANG_WARN__DUPLICATE_METHOD_MATCH = YES;
				COPY_PHASE_STRIP = NO;
				DEBUG_INFORMATION_FORMAT = dwarf;
				ENABLE_STRICT_OBJC_MSGSEND = YES;
				ENABLE_TESTABILITY = YES;
				GCC_C_LANGUAGE_STANDARD = gnu11;
				GCC_DYNAMIC_NO_PIC = NO;
				GCC_NO_COMMON_BLOCKS = YES;
				GCC_OPTIMIZATION_LEVEL = 0;
				GCC_PREPROCESSOR_DEFINITIONS = (
					"DEBUG=1",
					"$(inherited)",
				);
				GCC_WARN_64_TO_32_BIT_CONVERSION = YES;
				GCC_WARN_ABOUT_RETURN_TYPE = YES_ERROR;
				GCC_WARN_UNDECLARED_SELECTOR = YES;
				GCC_WARN_UNINITIALIZED_AUTOS = YES_AGGRESSIVE;
				GCC_WARN_UNUSED_FUNCTION = YES;
				GCC_WARN_UNUSED_VARIABLE = YES;
				IPHONEOS_DEPLOYMENT_TARGET = 15.5;
				MTL_ENABLE_DEBUG_INFO = INCLUDE_SOURCE;
				MTL_FAST_MATH = YES;
				ONLY_ACTIVE_ARCH = YES;
				SDKROOT = iphoneos;
				SWIFT_ACTIVE_COMPILATION_CONDITIONS = DEBUG;
				SWIFT_OPTIMIZATION_LEVEL = "-Onone";
			};
			name = Debug;
		};
		39E5DAE2288432E200C56B9D /* Release */ = {
			isa = XCBuildConfiguration;
			buildSettings = {
				ALWAYS_SEARCH_USER_PATHS = NO;
				CLANG_ANALYZER_NONNULL = YES;
				CLANG_ANALYZER_NUMBER_OBJECT_CONVERSION = YES_AGGRESSIVE;
				CLANG_CXX_LANGUAGE_STANDARD = "gnu++17";
				CLANG_ENABLE_MODULES = YES;
				CLANG_ENABLE_OBJC_ARC = YES;
				CLANG_ENABLE_OBJC_WEAK = YES;
				CLANG_WARN_BLOCK_CAPTURE_AUTORELEASING = YES;
				CLANG_WARN_BOOL_CONVERSION = YES;
				CLANG_WARN_COMMA = YES;
				CLANG_WARN_CONSTANT_CONVERSION = YES;
				CLANG_WARN_DEPRECATED_OBJC_IMPLEMENTATIONS = YES;
				CLANG_WARN_DIRECT_OBJC_ISA_USAGE = YES_ERROR;
				CLANG_WARN_DOCUMENTATION_COMMENTS = YES;
				CLANG_WARN_EMPTY_BODY = YES;
				CLANG_WARN_ENUM_CONVERSION = YES;
				CLANG_WARN_INFINITE_RECURSION = YES;
				CLANG_WARN_INT_CONVERSION = YES;
				CLANG_WARN_NON_LITERAL_NULL_CONVERSION = YES;
				CLANG_WARN_OBJC_IMPLICIT_RETAIN_SELF = YES;
				CLANG_WARN_OBJC_LITERAL_CONVERSION = YES;
				CLANG_WARN_OBJC_ROOT_CLASS = YES_ERROR;
				CLANG_WARN_QUOTED_INCLUDE_IN_FRAMEWORK_HEADER = YES;
				CLANG_WARN_RANGE_LOOP_ANALYSIS = YES;
				CLANG_WARN_STRICT_PROTOTYPES = YES;
				CLANG_WARN_SUSPICIOUS_MOVE = YES;
				CLANG_WARN_UNGUARDED_AVAILABILITY = YES_AGGRESSIVE;
				CLANG_WARN_UNREACHABLE_CODE = YES;
				CLANG_WARN__DUPLICATE_METHOD_MATCH = YES;
				COPY_PHASE_STRIP = NO;
				DEBUG_INFORMATION_FORMAT = "dwarf-with-dsym";
				ENABLE_NS_ASSERTIONS = NO;
				ENABLE_STRICT_OBJC_MSGSEND = YES;
				GCC_C_LANGUAGE_STANDARD = gnu11;
				GCC_NO_COMMON_BLOCKS = YES;
				GCC_WARN_64_TO_32_BIT_CONVERSION = YES;
				GCC_WARN_ABOUT_RETURN_TYPE = YES_ERROR;
				GCC_WARN_UNDECLARED_SELECTOR = YES;
				GCC_WARN_UNINITIALIZED_AUTOS = YES_AGGRESSIVE;
				GCC_WARN_UNUSED_FUNCTION = YES;
				GCC_WARN_UNUSED_VARIABLE = YES;
				IPHONEOS_DEPLOYMENT_TARGET = 15.5;
				MTL_ENABLE_DEBUG_INFO = NO;
				MTL_FAST_MATH = YES;
				SDKROOT = iphoneos;
				SWIFT_COMPILATION_MODE = wholemodule;
				SWIFT_OPTIMIZATION_LEVEL = "-O";
				VALIDATE_PRODUCT = YES;
			};
			name = Release;
		};
		39E5DAE4288432E200C56B9D /* Debug */ = {
			isa = XCBuildConfiguration;
			buildSettings = {
				ASSETCATALOG_COMPILER_APPICON_NAME = AppIcon;
				ASSETCATALOG_COMPILER_GLOBAL_ACCENT_COLOR_NAME = AccentColor;
				CODE_SIGN_STYLE = Automatic;
				CURRENT_PROJECT_VERSION = 1;
				DEVELOPMENT_TEAM = D5VN784N4W;
				GENERATE_INFOPLIST_FILE = YES;
				INFOPLIST_FILE = rc_week2_burgerking/Info.plist;
				INFOPLIST_KEY_UIApplicationSupportsIndirectInputEvents = YES;
				INFOPLIST_KEY_UILaunchStoryboardName = LaunchScreen;
				INFOPLIST_KEY_UIMainStoryboardFile = Main;
				INFOPLIST_KEY_UISupportedInterfaceOrientations_iPad = "UIInterfaceOrientationPortrait UIInterfaceOrientationPortraitUpsideDown UIInterfaceOrientationLandscapeLeft UIInterfaceOrientationLandscapeRight";
				INFOPLIST_KEY_UISupportedInterfaceOrientations_iPhone = "UIInterfaceOrientationPortrait UIInterfaceOrientationLandscapeLeft UIInterfaceOrientationLandscapeRight";
				LD_RUNPATH_SEARCH_PATHS = (
					"$(inherited)",
					"@executable_path/Frameworks",
				);
				MARKETING_VERSION = 1.0;
				PRODUCT_BUNDLE_IDENTIFIER = "yg.rc-week2-burgerking";
				PRODUCT_NAME = "$(TARGET_NAME)";
				SWIFT_EMIT_LOC_STRINGS = YES;
				SWIFT_VERSION = 5.0;
				TARGETED_DEVICE_FAMILY = "1,2";
			};
			name = Debug;
		};
		39E5DAE5288432E200C56B9D /* Release */ = {
			isa = XCBuildConfiguration;
			buildSettings = {
				ASSETCATALOG_COMPILER_APPICON_NAME = AppIcon;
				ASSETCATALOG_COMPILER_GLOBAL_ACCENT_COLOR_NAME = AccentColor;
				CODE_SIGN_STYLE = Automatic;
				CURRENT_PROJECT_VERSION = 1;
				DEVELOPMENT_TEAM = D5VN784N4W;
				GENERATE_INFOPLIST_FILE = YES;
				INFOPLIST_FILE = rc_week2_burgerking/Info.plist;
				INFOPLIST_KEY_UIApplicationSupportsIndirectInputEvents = YES;
				INFOPLIST_KEY_UILaunchStoryboardName = LaunchScreen;
				INFOPLIST_KEY_UIMainStoryboardFile = Main;
				INFOPLIST_KEY_UISupportedInterfaceOrientations_iPad = "UIInterfaceOrientationPortrait UIInterfaceOrientationPortraitUpsideDown UIInterfaceOrientationLandscapeLeft UIInterfaceOrientationLandscapeRight";
				INFOPLIST_KEY_UISupportedInterfaceOrientations_iPhone = "UIInterfaceOrientationPortrait UIInterfaceOrientationLandscapeLeft UIInterfaceOrientationLandscapeRight";
				LD_RUNPATH_SEARCH_PATHS = (
					"$(inherited)",
					"@executable_path/Frameworks",
				);
				MARKETING_VERSION = 1.0;
				PRODUCT_BUNDLE_IDENTIFIER = "yg.rc-week2-burgerking";
				PRODUCT_NAME = "$(TARGET_NAME)";
				SWIFT_EMIT_LOC_STRINGS = YES;
				SWIFT_VERSION = 5.0;
				TARGETED_DEVICE_FAMILY = "1,2";
			};
			name = Release;
		};
		39E5DAE7288432E200C56B9D /* Debug */ = {
			isa = XCBuildConfiguration;
			buildSettings = {
				ALWAYS_EMBED_SWIFT_STANDARD_LIBRARIES = YES;
				BUNDLE_LOADER = "$(TEST_HOST)";
				CODE_SIGN_STYLE = Automatic;
				CURRENT_PROJECT_VERSION = 1;
				DEVELOPMENT_TEAM = D5VN784N4W;
				GENERATE_INFOPLIST_FILE = YES;
				IPHONEOS_DEPLOYMENT_TARGET = 15.5;
				MARKETING_VERSION = 1.0;
				PRODUCT_BUNDLE_IDENTIFIER = "yg.rc-week2-burgerkingTests";
				PRODUCT_NAME = "$(TARGET_NAME)";
				SWIFT_EMIT_LOC_STRINGS = NO;
				SWIFT_VERSION = 5.0;
				TARGETED_DEVICE_FAMILY = "1,2";
				TEST_HOST = "$(BUILT_PRODUCTS_DIR)/rc_week2_burgerking.app/rc_week2_burgerking";
			};
			name = Debug;
		};
		39E5DAE8288432E200C56B9D /* Release */ = {
			isa = XCBuildConfiguration;
			buildSettings = {
				ALWAYS_EMBED_SWIFT_STANDARD_LIBRARIES = YES;
				BUNDLE_LOADER = "$(TEST_HOST)";
				CODE_SIGN_STYLE = Automatic;
				CURRENT_PROJECT_VERSION = 1;
				DEVELOPMENT_TEAM = D5VN784N4W;
				GENERATE_INFOPLIST_FILE = YES;
				IPHONEOS_DEPLOYMENT_TARGET = 15.5;
				MARKETING_VERSION = 1.0;
				PRODUCT_BUNDLE_IDENTIFIER = "yg.rc-week2-burgerkingTests";
				PRODUCT_NAME = "$(TARGET_NAME)";
				SWIFT_EMIT_LOC_STRINGS = NO;
				SWIFT_VERSION = 5.0;
				TARGETED_DEVICE_FAMILY = "1,2";
				TEST_HOST = "$(BUILT_PRODUCTS_DIR)/rc_week2_burgerking.app/rc_week2_burgerking";
			};
			name = Release;
		};
		39E5DAEA288432E200C56B9D /* Debug */ = {
			isa = XCBuildConfiguration;
			buildSettings = {
				ALWAYS_EMBED_SWIFT_STANDARD_LIBRARIES = YES;
				CODE_SIGN_STYLE = Automatic;
				CURRENT_PROJECT_VERSION = 1;
				DEVELOPMENT_TEAM = D5VN784N4W;
				GENERATE_INFOPLIST_FILE = YES;
				MARKETING_VERSION = 1.0;
				PRODUCT_BUNDLE_IDENTIFIER = "yg.rc-week2-burgerkingUITests";
				PRODUCT_NAME = "$(TARGET_NAME)";
				SWIFT_EMIT_LOC_STRINGS = NO;
				SWIFT_VERSION = 5.0;
				TARGETED_DEVICE_FAMILY = "1,2";
				TEST_TARGET_NAME = rc_week2_burgerking;
			};
			name = Debug;
		};
		39E5DAEB288432E200C56B9D /* Release */ = {
			isa = XCBuildConfiguration;
			buildSettings = {
				ALWAYS_EMBED_SWIFT_STANDARD_LIBRARIES = YES;
				CODE_SIGN_STYLE = Automatic;
				CURRENT_PROJECT_VERSION = 1;
				DEVELOPMENT_TEAM = D5VN784N4W;
				GENERATE_INFOPLIST_FILE = YES;
				MARKETING_VERSION = 1.0;
				PRODUCT_BUNDLE_IDENTIFIER = "yg.rc-week2-burgerkingUITests";
				PRODUCT_NAME = "$(TARGET_NAME)";
				SWIFT_EMIT_LOC_STRINGS = NO;
				SWIFT_VERSION = 5.0;
				TARGETED_DEVICE_FAMILY = "1,2";
				TEST_TARGET_NAME = rc_week2_burgerking;
			};
			name = Release;
		};
/* End XCBuildConfiguration section */

/* Begin XCConfigurationList section */
		39E5DAB4288432E000C56B9D /* Build configuration list for PBXProject "rc_week2_burgerking" */ = {
			isa = XCConfigurationList;
			buildConfigurations = (
				39E5DAE1288432E200C56B9D /* Debug */,
				39E5DAE2288432E200C56B9D /* Release */,
			);
			defaultConfigurationIsVisible = 0;
			defaultConfigurationName = Release;
		};
		39E5DAE3288432E200C56B9D /* Build configuration list for PBXNativeTarget "rc_week2_burgerking" */ = {
			isa = XCConfigurationList;
			buildConfigurations = (
				39E5DAE4288432E200C56B9D /* Debug */,
				39E5DAE5288432E200C56B9D /* Release */,
			);
			defaultConfigurationIsVisible = 0;
			defaultConfigurationName = Release;
		};
		39E5DAE6288432E200C56B9D /* Build configuration list for PBXNativeTarget "rc_week2_burgerkingTests" */ = {
			isa = XCConfigurationList;
			buildConfigurations = (
				39E5DAE7288432E200C56B9D /* Debug */,
				39E5DAE8288432E200C56B9D /* Release */,
			);
			defaultConfigurationIsVisible = 0;
			defaultConfigurationName = Release;
		};
		39E5DAE9288432E200C56B9D /* Build configuration list for PBXNativeTarget "rc_week2_burgerkingUITests" */ = {
			isa = XCConfigurationList;
			buildConfigurations = (
				39E5DAEA288432E200C56B9D /* Debug */,
				39E5DAEB288432E200C56B9D /* Release */,
			);
			defaultConfigurationIsVisible = 0;
			defaultConfigurationName = Release;
		};
/* End XCConfigurationList section */
	};
	rootObject = 39E5DAB1288432E000C56B9D /* Project object */;
}
